
Microsoft Visual Studio Solution File, Format Version 12.00
# Visual Studio Version 16
VisualStudioVersion = 16.0.31410.357
MinimumVisualStudioVersion = 10.0.40219.1
Project("{FAE04EC0-301F-11D3-BF4B-00C04F79EFBC}") = "AzureDevOpsGitCode", "AzureDevOpsGitCode.csproj", "{CD76A120-5CE7-478D-94B6-84501F4A299A}"
EndProject
Global
	GlobalSection(SolutionConfigurationPlatforms) = preSolution
		Debug|Any CPU = Debug|Any CPU
		Release|Any CPU = Release|Any CPU
	EndGlobalSection
	GlobalSection(ProjectConfigurationPlatforms) = postSolution
		{CD76A120-5CE7-478D-94B6-84501F4A299A}.Debug|Any CPU.ActiveCfg = Debug|Any CPU
		{CD76A120-5CE7-478D-94B6-84501F4A299A}.Debug|Any CPU.Build.0 = Debug|Any CPU
		{CD76A120-5CE7-478D-94B6-84501F4A299A}.Release|Any CPU.ActiveCfg = Release|Any CPU
		{CD76A120-5CE7-478D-94B6-84501F4A299A}.Release|Any CPU.Build.0 = Release|Any CPU
	EndGlobalSection
	GlobalSection(SolutionProperties) = preSolution
		HideSolutionNode = FALSE
	EndGlobalSection
	GlobalSection(ExtensibilityGlobals) = postSolution
		SolutionGuid = {8701B297-312F-43BE-9A8F-383BF67FFDAB}
	EndGlobalSection
EndGlobal
